
Microsoft Visual Studio Solution File, Format Version 12.00
# Visual Studio Version 17
VisualStudioVersion = 17.0.32002.185
MinimumVisualStudioVersion = 10.0.40219.1
Project("{FAE04EC0-301F-11D3-BF4B-00C04F79EFBC}") = "Task1", "Task1\Task1.csproj", "{0B408592-C490-4F3D-9F27-C70E0E9F5531}"
EndProject
Project("{FAE04EC0-301F-11D3-BF4B-00C04F79EFBC}") = "Task2", "Task2\Task2.csproj", "{398069EB-85FF-4685-B70D-DE84C3D2D91D}"
EndProject
Project("{FAE04EC0-301F-11D3-BF4B-00C04F79EFBC}") = "Task3", "Task3\Task3.csproj", "{BA017D58-696D-489F-8440-F001C40B18B4}"
EndProject
Project("{FAE04EC0-301F-11D3-BF4B-00C04F79EFBC}") = "Task4", "Task4\Task4.csproj", "{4DD28F69-3D34-4EB8-A3A5-218EF60A2E97}"
EndProject
Project("{FAE04EC0-301F-11D3-BF4B-00C04F79EFBC}") = "Task5", "Task5\Task5.csproj", "{31F7EF5E-C895-4CE9-9E41-E43A5D31E278}"
EndProject
Global
	GlobalSection(SolutionConfigurationPlatforms) = preSolution
		Debug|Any CPU = Debug|Any CPU
		Release|Any CPU = Release|Any CPU
	EndGlobalSection
	GlobalSection(ProjectConfigurationPlatforms) = postSolution
		{0B408592-C490-4F3D-9F27-C70E0E9F5531}.Debug|Any CPU.ActiveCfg = Debug|Any CPU
		{0B408592-C490-4F3D-9F27-C70E0E9F5531}.Debug|Any CPU.Build.0 = Debug|Any CPU
		{0B408592-C490-4F3D-9F27-C70E0E9F5531}.Release|Any CPU.ActiveCfg = Release|Any CPU
		{0B408592-C490-4F3D-9F27-C70E0E9F5531}.Release|Any CPU.Build.0 = Release|Any CPU
		{398069EB-85FF-4685-B70D-DE84C3D2D91D}.Debug|Any CPU.ActiveCfg = Debug|Any CPU
		{398069EB-85FF-4685-B70D-DE84C3D2D91D}.Debug|Any CPU.Build.0 = Debug|Any CPU
		{398069EB-85FF-4685-B70D-DE84C3D2D91D}.Release|Any CPU.ActiveCfg = Release|Any CPU
		{398069EB-85FF-4685-B70D-DE84C3D2D91D}.Release|Any CPU.Build.0 = Release|Any CPU
		{BA017D58-696D-489F-8440-F001C40B18B4}.Debug|Any CPU.ActiveCfg = Debug|Any CPU
		{BA017D58-696D-489F-8440-F001C40B18B4}.Debug|Any CPU.Build.0 = Debug|Any CPU
		{BA017D58-696D-489F-8440-F001C40B18B4}.Release|Any CPU.ActiveCfg = Release|Any CPU
		{BA017D58-696D-489F-8440-F001C40B18B4}.Release|Any CPU.Build.0 = Release|Any CPU
		{4DD28F69-3D34-4EB8-A3A5-218EF60A2E97}.Debug|Any CPU.ActiveCfg = Debug|Any CPU
		{4DD28F69-3D34-4EB8-A3A5-218EF60A2E97}.Debug|Any CPU.Build.0 = Debug|Any CPU
		{4DD28F69-3D34-4EB8-A3A5-218EF60A2E97}.Release|Any CPU.ActiveCfg = Release|Any CPU
		{4DD28F69-3D34-4EB8-A3A5-218EF60A2E97}.Release|Any CPU.Build.0 = Release|Any CPU
		{31F7EF5E-C895-4CE9-9E41-E43A5D31E278}.Debug|Any CPU.ActiveCfg = Debug|Any CPU
		{31F7EF5E-C895-4CE9-9E41-E43A5D31E278}.Debug|Any CPU.Build.0 = Debug|Any CPU
		{31F7EF5E-C895-4CE9-9E41-E43A5D31E278}.Release|Any CPU.ActiveCfg = Release|Any CPU
		{31F7EF5E-C895-4CE9-9E41-E43A5D31E278}.Release|Any CPU.Build.0 = Release|Any CPU
	EndGlobalSection
	GlobalSection(SolutionProperties) = preSolution
		HideSolutionNode = FALSE
	EndGlobalSection
	GlobalSection(ExtensibilityGlobals) = postSolution
		SolutionGuid = {E117CBDF-3011-42E2-AD28-77D31A1620E2}
	EndGlobalSection
EndGlobal
